// !$*UTF8*$!
{
	archiveVersion = 1;
	classes = {
	};
	objectVersion = 55;
	objects = {

/* Begin PBXBuildFile section */
		38844D9628BB991A00CC1405 /* AppDelegate.swift in Sources */ = {isa = PBXBuildFile; fileRef = 38844D9528BB991A00CC1405 /* AppDelegate.swift */; };
		38844D9828BB991A00CC1405 /* SceneDelegate.swift in Sources */ = {isa = PBXBuildFile; fileRef = 38844D9728BB991A00CC1405 /* SceneDelegate.swift */; };
		38844D9F28BB992000CC1405 /* Assets.xcassets in Resources */ = {isa = PBXBuildFile; fileRef = 38844D9E28BB992000CC1405 /* Assets.xcassets */; };
		38844DA228BB992000CC1405 /* LaunchScreen.storyboard in Resources */ = {isa = PBXBuildFile; fileRef = 38844DA028BB992000CC1405 /* LaunchScreen.storyboard */; };
		38844DAB28BB99FD00CC1405 /* SnapKit in Frameworks */ = {isa = PBXBuildFile; productRef = 38844DAA28BB99FD00CC1405 /* SnapKit */; };
		38844DAD28BB9A7B00CC1405 /* TabBarController.swift in Sources */ = {isa = PBXBuildFile; fileRef = 38844DAC28BB9A7B00CC1405 /* TabBarController.swift */; };
		38844DB028BB9C5B00CC1405 /* FeedViewController.swift in Sources */ = {isa = PBXBuildFile; fileRef = 38844DAF28BB9C5B00CC1405 /* FeedViewController.swift */; };
		389E5AE828BBA20B006F990A /* SnapKit in Frameworks */ = {isa = PBXBuildFile; productRef = 389E5AE728BBA20B006F990A /* SnapKit */; };
		38BF7C27293385EC00588844 /* FeedTableViewCell.swift in Sources */ = {isa = PBXBuildFile; fileRef = 38BF7C26293385EC00588844 /* FeedTableViewCell.swift */; };
		38BF7C2929338FA600588844 /* UIButton+.swift in Sources */ = {isa = PBXBuildFile; fileRef = 38BF7C2829338FA600588844 /* UIButton+.swift */; };
/* End PBXBuildFile section */

/* Begin PBXFileReference section */
		38844D9228BB991A00CC1405 /* Outstagram.app */ = {isa = PBXFileReference; explicitFileType = wrapper.application; includeInIndex = 0; path = Outstagram.app; sourceTree = BUILT_PRODUCTS_DIR; };
		38844D9528BB991A00CC1405 /* AppDelegate.swift */ = {isa = PBXFileReference; lastKnownFileType = sourcecode.swift; path = AppDelegate.swift; sourceTree = "<group>"; };
		38844D9728BB991A00CC1405 /* SceneDelegate.swift */ = {isa = PBXFileReference; lastKnownFileType = sourcecode.swift; path = SceneDelegate.swift; sourceTree = "<group>"; };
		38844D9E28BB992000CC1405 /* Assets.xcassets */ = {isa = PBXFileReference; lastKnownFileType = folder.assetcatalog; path = Assets.xcassets; sourceTree = "<group>"; };
		38844DA128BB992000CC1405 /* Base */ = {isa = PBXFileReference; lastKnownFileType = file.storyboard; name = Base; path = Base.lproj/LaunchScreen.storyboard; sourceTree = "<group>"; };
		38844DA328BB992000CC1405 /* Info.plist */ = {isa = PBXFileReference; lastKnownFileType = text.plist.xml; path = Info.plist; sourceTree = "<group>"; };
		38844DAC28BB9A7B00CC1405 /* TabBarController.swift */ = {isa = PBXFileReference; lastKnownFileType = sourcecode.swift; path = TabBarController.swift; sourceTree = "<group>"; };
		38844DAF28BB9C5B00CC1405 /* FeedViewController.swift */ = {isa = PBXFileReference; lastKnownFileType = sourcecode.swift; path = FeedViewController.swift; sourceTree = "<group>"; };
		38BF7C26293385EC00588844 /* FeedTableViewCell.swift */ = {isa = PBXFileReference; lastKnownFileType = sourcecode.swift; path = FeedTableViewCell.swift; sourceTree = "<group>"; };
		38BF7C2829338FA600588844 /* UIButton+.swift */ = {isa = PBXFileReference; lastKnownFileType = sourcecode.swift; path = "UIButton+.swift"; sourceTree = "<group>"; };
/* End PBXFileReference section */

/* Begin PBXFrameworksBuildPhase section */
		38844D8F28BB991A00CC1405 /* Frameworks */ = {
			isa = PBXFrameworksBuildPhase;
			buildActionMask = 2147483647;
			files = (
				38844DAB28BB99FD00CC1405 /* SnapKit in Frameworks */,
				389E5AE828BBA20B006F990A /* SnapKit in Frameworks */,
			);
			runOnlyForDeploymentPostprocessing = 0;
		};
/* End PBXFrameworksBuildPhase section */

/* Begin PBXGroup section */
		38844D8928BB991A00CC1405 = {
			isa = PBXGroup;
			children = (
				38844D9428BB991A00CC1405 /* Outstagram */,
				38844D9328BB991A00CC1405 /* Products */,
			);
			sourceTree = "<group>";
		};
		38844D9328BB991A00CC1405 /* Products */ = {
			isa = PBXGroup;
			children = (
				38844D9228BB991A00CC1405 /* Outstagram.app */,
			);
			name = Products;
			sourceTree = "<group>";
		};
		38844D9428BB991A00CC1405 /* Outstagram */ = {
			isa = PBXGroup;
			children = (
				38844D9528BB991A00CC1405 /* AppDelegate.swift */,
				38844D9728BB991A00CC1405 /* SceneDelegate.swift */,
				38BF7C2829338FA600588844 /* UIButton+.swift */,
				38844DAE28BB9A8100CC1405 /* Scenes */,
				38844D9E28BB992000CC1405 /* Assets.xcassets */,
				38844DA028BB992000CC1405 /* LaunchScreen.storyboard */,
				38844DA328BB992000CC1405 /* Info.plist */,
			);
			path = Outstagram;
			sourceTree = "<group>";
		};
		38844DAE28BB9A8100CC1405 /* Scenes */ = {
			isa = PBXGroup;
			children = (
				38844DAC28BB9A7B00CC1405 /* TabBarController.swift */,
				38844DAF28BB9C5B00CC1405 /* FeedViewController.swift */,
				38BF7C26293385EC00588844 /* FeedTableViewCell.swift */,
			);
			name = Scenes;
			sourceTree = "<group>";
		};
/* End PBXGroup section */

/* Begin PBXNativeTarget section */
		38844D9128BB991A00CC1405 /* Outstagram */ = {
			isa = PBXNativeTarget;
			buildConfigurationList = 38844DA628BB992000CC1405 /* Build configuration list for PBXNativeTarget "Outstagram" */;
			buildPhases = (
				38844D8E28BB991A00CC1405 /* Sources */,
				38844D8F28BB991A00CC1405 /* Frameworks */,
				38844D9028BB991A00CC1405 /* Resources */,
			);
			buildRules = (
			);
			dependencies = (
			);
			name = Outstagram;
			packageProductDependencies = (
				38844DAA28BB99FD00CC1405 /* SnapKit */,
				389E5AE728BBA20B006F990A /* SnapKit */,
			);
			productName = Outstargram;
			productReference = 38844D9228BB991A00CC1405 /* Outstagram.app */;
			productType = "com.apple.product-type.application";
		};
/* End PBXNativeTarget section */

/* Begin PBXProject section */
		38844D8A28BB991A00CC1405 /* Project object */ = {
			isa = PBXProject;
			attributes = {
				BuildIndependentTargetsInParallel = 1;
				LastSwiftUpdateCheck = 1340;
				LastUpgradeCheck = 1340;
				TargetAttributes = {
					38844D9128BB991A00CC1405 = {
						CreatedOnToolsVersion = 13.4.1;
					};
				};
			};
			buildConfigurationList = 38844D8D28BB991A00CC1405 /* Build configuration list for PBXProject "Outstagram" */;
			compatibilityVersion = "Xcode 13.0";
			developmentRegion = en;
			hasScannedForEncodings = 0;
			knownRegions = (
				en,
				Base,
			);
			mainGroup = 38844D8928BB991A00CC1405;
			packageReferences = (
				38844DA928BB99FD00CC1405 /* XCRemoteSwiftPackageReference "SnapKit" */,
				389E5AE628BBA20B006F990A /* XCRemoteSwiftPackageReference "SnapKit" */,
			);
			productRefGroup = 38844D9328BB991A00CC1405 /* Products */;
			projectDirPath = "";
			projectRoot = "";
			targets = (
				38844D9128BB991A00CC1405 /* Outstagram */,
			);
		};
/* End PBXProject section */

/* Begin PBXResourcesBuildPhase section */
		38844D9028BB991A00CC1405 /* Resources */ = {
			isa = PBXResourcesBuildPhase;
			buildActionMask = 2147483647;
			files = (
				38844DA228BB992000CC1405 /* LaunchScreen.storyboard in Resources */,
				38844D9F28BB992000CC1405 /* Assets.xcassets in Resources */,
			);
			runOnlyForDeploymentPostprocessing = 0;
		};
/* End PBXResourcesBuildPhase section */

/* Begin PBXSourcesBuildPhase section */
		38844D8E28BB991A00CC1405 /* Sources */ = {
			isa = PBXSourcesBuildPhase;
			buildActionMask = 2147483647;
			files = (
				38844DAD28BB9A7B00CC1405 /* TabBarController.swift in Sources */,
				38BF7C2929338FA600588844 /* UIButton+.swift in Sources */,
				38844D9628BB991A00CC1405 /* AppDelegate.swift in Sources */,
				38844DB028BB9C5B00CC1405 /* FeedViewController.swift in Sources */,
				38844D9828BB991A00CC1405 /* SceneDelegate.swift in Sources */,
				38BF7C27293385EC00588844 /* FeedTableViewCell.swift in Sources */,
			);
			runOnlyForDeploymentPostprocessing = 0;
		};
/* End PBXSourcesBuildPhase section */

/* Begin PBXVariantGroup section */
		38844DA028BB992000CC1405 /* LaunchScreen.storyboard */ = {
			isa = PBXVariantGroup;
			children = (
				38844DA128BB992000CC1405 /* Base */,
			);
			name = LaunchScreen.storyboard;
			sourceTree = "<group>";
		};
/* End PBXVariantGroup section */

/* Begin XCBuildConfiguration section */
		38844DA428BB992000CC1405 /* Debug */ = {
			isa = XCBuildConfiguration;
			buildSettings = {
				ALWAYS_SEARCH_USER_PATHS = NO;
				CLANG_ANALYZER_NONNULL = YES;
				CLANG_ANALYZER_NUMBER_OBJECT_CONVERSION = YES_AGGRESSIVE;
				CLANG_CXX_LANGUAGE_STANDARD = "gnu++17";
				CLANG_ENABLE_MODULES = YES;
				CLANG_ENABLE_OBJC_ARC = YES;
				CLANG_ENABLE_OBJC_WEAK = YES;
				CLANG_WARN_BLOCK_CAPTURE_AUTORELEASING = YES;
				CLANG_WARN_BOOL_CONVERSION = YES;
				CLANG_WARN_COMMA = YES;
				CLANG_WARN_CONSTANT_CONVERSION = YES;
				CLANG_WARN_DEPRECATED_OBJC_IMPLEMENTATIONS = YES;
				CLANG_WARN_DIRECT_OBJC_ISA_USAGE = YES_ERROR;
				CLANG_WARN_DOCUMENTATION_COMMENTS = YES;
				CLANG_WARN_EMPTY_BODY = YES;
				CLANG_WARN_ENUM_CONVERSION = YES;
				CLANG_WARN_INFINITE_RECURSION = YES;
				CLANG_WARN_INT_CONVERSION = YES;
				CLANG_WARN_NON_LITERAL_NULL_CONVERSION = YES;
				CLANG_WARN_OBJC_IMPLICIT_RETAIN_SELF = YES;
				CLANG_WARN_OBJC_LITERAL_CONVERSION = YES;
				CLANG_WARN_OBJC_ROOT_CLASS = YES_ERROR;
				CLANG_WARN_QUOTED_INCLUDE_IN_FRAMEWORK_HEADER = YES;
				CLANG_WARN_RANGE_LOOP_ANALYSIS = YES;
				CLANG_WARN_STRICT_PROTOTYPES = YES;
				CLANG_WARN_SUSPICIOUS_MOVE = YES;
				CLANG_WARN_UNGUARDED_AVAILABILITY = YES_AGGRESSIVE;
				CLANG_WARN_UNREACHABLE_CODE = YES;
				CLANG_WARN__DUPLICATE_METHOD_MATCH = YES;
				COPY_PHASE_STRIP = NO;
				DEBUG_INFORMATION_FORMAT = dwarf;
				ENABLE_STRICT_OBJC_MSGSEND = YES;
				ENABLE_TESTABILITY = YES;
				GCC_C_LANGUAGE_STANDARD = gnu11;
				GCC_DYNAMIC_NO_PIC = NO;
				GCC_NO_COMMON_BLOCKS = YES;
				GCC_OPTIMIZATION_LEVEL = 0;
				GCC_PREPROCESSOR_DEFINITIONS = (
					"DEBUG=1",
					"$(inherited)",
				);
				GCC_WARN_64_TO_32_BIT_CONVERSION = YES;
				GCC_WARN_ABOUT_RETURN_TYPE = YES_ERROR;
				GCC_WARN_UNDECLARED_SELECTOR = YES;
				GCC_WARN_UNINITIALIZED_AUTOS = YES_AGGRESSIVE;
				GCC_WARN_UNUSED_FUNCTION = YES;
				GCC_WARN_UNUSED_VARIABLE = YES;
				IPHONEOS_DEPLOYMENT_TARGET = 15.5;
				MTL_ENABLE_DEBUG_INFO = INCLUDE_SOURCE;
				MTL_FAST_MATH = YES;
				ONLY_ACTIVE_ARCH = YES;
				SDKROOT = iphoneos;
				SWIFT_ACTIVE_COMPILATION_CONDITIONS = DEBUG;
				SWIFT_OPTIMIZATION_LEVEL = "-Onone";
			};
			name = Debug;
		};
		38844DA528BB992000CC1405 /* Release */ = {
			isa = XCBuildConfiguration;
			buildSettings = {
				ALWAYS_SEARCH_USER_PATHS = NO;
				CLANG_ANALYZER_NONNULL = YES;
				CLANG_ANALYZER_NUMBER_OBJECT_CONVERSION = YES_AGGRESSIVE;
				CLANG_CXX_LANGUAGE_STANDARD = "gnu++17";
				CLANG_ENABLE_MODULES = YES;
				CLANG_ENABLE_OBJC_ARC = YES;
				CLANG_ENABLE_OBJC_WEAK = YES;
				CLANG_WARN_BLOCK_CAPTURE_AUTORELEASING = YES;
				CLANG_WARN_BOOL_CONVERSION = YES;
				CLANG_WARN_COMMA = YES;
				CLANG_WARN_CONSTANT_CONVERSION = YES;
				CLANG_WARN_DEPRECATED_OBJC_IMPLEMENTATIONS = YES;
				CLANG_WARN_DIRECT_OBJC_ISA_USAGE = YES_ERROR;
				CLANG_WARN_DOCUMENTATION_COMMENTS = YES;
				CLANG_WARN_EMPTY_BODY = YES;
				CLANG_WARN_ENUM_CONVERSION = YES;
				CLANG_WARN_INFINITE_RECURSION = YES;
				CLANG_WARN_INT_CONVERSION = YES;
				CLANG_WARN_NON_LITERAL_NULL_CONVERSION = YES;
				CLANG_WARN_OBJC_IMPLICIT_RETAIN_SELF = YES;
				CLANG_WARN_OBJC_LITERAL_CONVERSION = YES;
				CLANG_WARN_OBJC_ROOT_CLASS = YES_ERROR;
				CLANG_WARN_QUOTED_INCLUDE_IN_FRAMEWORK_HEADER = YES;
				CLANG_WARN_RANGE_LOOP_ANALYSIS = YES;
				CLANG_WARN_STRICT_PROTOTYPES = YES;
				CLANG_WARN_SUSPICIOUS_MOVE = YES;
				CLANG_WARN_UNGUARDED_AVAILABILITY = YES_AGGRESSIVE;
				CLANG_WARN_UNREACHABLE_CODE = YES;
				CLANG_WARN__DUPLICATE_METHOD_MATCH = YES;
				COPY_PHASE_STRIP = NO;
				DEBUG_INFORMATION_FORMAT = "dwarf-with-dsym";
				ENABLE_NS_ASSERTIONS = NO;
				ENABLE_STRICT_OBJC_MSGSEND = YES;
				GCC_C_LANGUAGE_STANDARD = gnu11;
				GCC_NO_COMMON_BLOCKS = YES;
				GCC_WARN_64_TO_32_BIT_CONVERSION = YES;
				GCC_WARN_ABOUT_RETURN_TYPE = YES_ERROR;
				GCC_WARN_UNDECLARED_SELECTOR = YES;
				GCC_WARN_UNINITIALIZED_AUTOS = YES_AGGRESSIVE;
				GCC_WARN_UNUSED_FUNCTION = YES;
				GCC_WARN_UNUSED_VARIABLE = YES;
				IPHONEOS_DEPLOYMENT_TARGET = 15.5;
				MTL_ENABLE_DEBUG_INFO = NO;
				MTL_FAST_MATH = YES;
				SDKROOT = iphoneos;
				SWIFT_COMPILATION_MODE = wholemodule;
				SWIFT_OPTIMIZATION_LEVEL = "-O";
				VALIDATE_PRODUCT = YES;
			};
			name = Release;
		};
		38844DA728BB992000CC1405 /* Debug */ = {
			isa = XCBuildConfiguration;
			buildSettings = {
				ASSETCATALOG_COMPILER_APPICON_NAME = AppIcon;
				ASSETCATALOG_COMPILER_GLOBAL_ACCENT_COLOR_NAME = AccentColor;
				CODE_SIGN_STYLE = Automatic;
				CURRENT_PROJECT_VERSION = 1;
				DEVELOPMENT_TEAM = 85497UUDUF;
				GENERATE_INFOPLIST_FILE = YES;
				INFOPLIST_FILE = Outstagram/Info.plist;
				INFOPLIST_KEY_UIApplicationSupportsIndirectInputEvents = YES;
				INFOPLIST_KEY_UILaunchStoryboardName = LaunchScreen;
				INFOPLIST_KEY_UIMainStoryboardFile = Main;
				INFOPLIST_KEY_UISupportedInterfaceOrientations_iPad = "UIInterfaceOrientationPortrait UIInterfaceOrientationPortraitUpsideDown UIInterfaceOrientationLandscapeLeft UIInterfaceOrientationLandscapeRight";
				INFOPLIST_KEY_UISupportedInterfaceOrientations_iPhone = "UIInterfaceOrientationPortrait UIInterfaceOrientationLandscapeLeft UIInterfaceOrientationLandscapeRight";
				LD_RUNPATH_SEARCH_PATHS = (
					"$(inherited)",
					"@executable_path/Frameworks",
				);
				MARKETING_VERSION = 1.0;
				PRODUCT_BUNDLE_IDENTIFIER = koo.Outstagram;
				PRODUCT_NAME = "$(TARGET_NAME)";
				SWIFT_EMIT_LOC_STRINGS = YES;
				SWIFT_VERSION = 5.0;
				TARGETED_DEVICE_FAMILY = "1,2";
			};
			name = Debug;
		};
		38844DA828BB992000CC1405 /* Release */ = {
			isa = XCBuildConfiguration;
			buildSettings = {
				ASSETCATALOG_COMPILER_APPICON_NAME = AppIcon;
				ASSETCATALOG_COMPILER_GLOBAL_ACCENT_COLOR_NAME = AccentColor;
				CODE_SIGN_STYLE = Automatic;
				CURRENT_PROJECT_VERSION = 1;
				DEVELOPMENT_TEAM = 85497UUDUF;
				GENERATE_INFOPLIST_FILE = YES;
				INFOPLIST_FILE = Outstagram/Info.plist;
				INFOPLIST_KEY_UIApplicationSupportsIndirectInputEvents = YES;
				INFOPLIST_KEY_UILaunchStoryboardName = LaunchScreen;
				INFOPLIST_KEY_UIMainStoryboardFile = Main;
				INFOPLIST_KEY_UISupportedInterfaceOrientations_iPad = "UIInterfaceOrientationPortrait UIInterfaceOrientationPortraitUpsideDown UIInterfaceOrientationLandscapeLeft UIInterfaceOrientationLandscapeRight";
				INFOPLIST_KEY_UISupportedInterfaceOrientations_iPhone = "UIInterfaceOrientationPortrait UIInterfaceOrientationLandscapeLeft UIInterfaceOrientationLandscapeRight";
				LD_RUNPATH_SEARCH_PATHS = (
					"$(inherited)",
					"@executable_path/Frameworks",
				);
				MARKETING_VERSION = 1.0;
				PRODUCT_BUNDLE_IDENTIFIER = koo.Outstagram;
				PRODUCT_NAME = "$(TARGET_NAME)";
				SWIFT_EMIT_LOC_STRINGS = YES;
				SWIFT_VERSION = 5.0;
				TARGETED_DEVICE_FAMILY = "1,2";
			};
			name = Release;
		};
/* End XCBuildConfiguration section */

/* Begin XCConfigurationList section */
		38844D8D28BB991A00CC1405 /* Build configuration list for PBXProject "Outstagram" */ = {
			isa = XCConfigurationList;
			buildConfigurations = (
				38844DA428BB992000CC1405 /* Debug */,
				38844DA528BB992000CC1405 /* Release */,
			);
			defaultConfigurationIsVisible = 0;
			defaultConfigurationName = Release;
		};
		38844DA628BB992000CC1405 /* Build configuration list for PBXNativeTarget "Outstagram" */ = {
			isa = XCConfigurationList;
			buildConfigurations = (
				38844DA728BB992000CC1405 /* Debug */,
				38844DA828BB992000CC1405 /* Release */,
			);
			defaultConfigurationIsVisible = 0;
			defaultConfigurationName = Release;
		};
/* End XCConfigurationList section */

/* Begin XCRemoteSwiftPackageReference section */
		38844DA928BB99FD00CC1405 /* XCRemoteSwiftPackageReference "SnapKit" */ = {
			isa = XCRemoteSwiftPackageReference;
			repositoryURL = "https://github.com/SnapKit/SnapKit.git";
			requirement = {
				kind = upToNextMajorVersion;
				minimumVersion = 5.0.0;
			};
		};
		389E5AE628BBA20B006F990A /* XCRemoteSwiftPackageReference "SnapKit" */ = {
			isa = XCRemoteSwiftPackageReference;
			repositoryURL = "https://github.com/SnapKit/SnapKit.git";
			requirement = {
				kind = upToNextMajorVersion;
				minimumVersion = 5.0.0;
			};
		};
/* End XCRemoteSwiftPackageReference section */

/* Begin XCSwiftPackageProductDependency section */
		38844DAA28BB99FD00CC1405 /* SnapKit */ = {
			isa = XCSwiftPackageProductDependency;
			package = 38844DA928BB99FD00CC1405 /* XCRemoteSwiftPackageReference "SnapKit" */;
			productName = SnapKit;
		};
		389E5AE728BBA20B006F990A /* SnapKit */ = {
			isa = XCSwiftPackageProductDependency;
			package = 38844DA928BB99FD00CC1405 /* XCRemoteSwiftPackageReference "SnapKit" */;
			productName = SnapKit;
		};
/* End XCSwiftPackageProductDependency section */
	};
	rootObject = 38844D8A28BB991A00CC1405 /* Project object */;
}
